
Microsoft Visual Studio Solution File, Format Version 12.00
# Visual Studio Version 16
VisualStudioVersion = 16.0.31410.357
MinimumVisualStudioVersion = 10.0.40219.1
Project("{FAE04EC0-301F-11D3-BF4B-00C04F79EFBC}") = "BATCH MODIFICATION REPORT", "BATCH MODIFICATION REPORT\BATCH MODIFICATION REPORT.csproj", "{83BE74CE-0CB2-40E1-AF9A-1C1E031FB11F}"
EndProject
Global
	GlobalSection(SolutionConfigurationPlatforms) = preSolution
		Debug|Any CPU = Debug|Any CPU
		Release|Any CPU = Release|Any CPU
	EndGlobalSection
	GlobalSection(ProjectConfigurationPlatforms) = postSolution
		{83BE74CE-0CB2-40E1-AF9A-1C1E031FB11F}.Debug|Any CPU.ActiveCfg = Debug|Any CPU
		{83BE74CE-0CB2-40E1-AF9A-1C1E031FB11F}.Debug|Any CPU.Build.0 = Debug|Any CPU
		{83BE74CE-0CB2-40E1-AF9A-1C1E031FB11F}.Release|Any CPU.ActiveCfg = Release|Any CPU
		{83BE74CE-0CB2-40E1-AF9A-1C1E031FB11F}.Release|Any CPU.Build.0 = Release|Any CPU
	EndGlobalSection
	GlobalSection(SolutionProperties) = preSolution
		HideSolutionNode = FALSE
	EndGlobalSection
	GlobalSection(ExtensibilityGlobals) = postSolution
		SolutionGuid = {AD0E7CF9-2717-4CCF-B4AE-C234B022CEC9}
	EndGlobalSection
EndGlobal
